// !$*UTF8*$!
{
	archiveVersion = 1;
	classes = {
	};
	objectVersion = 46;
	objects = {

/* Begin PBXBuildFile section */
		0A9746911CBD4C8F00753D63 /* ChequeViewController.m in Sources */ = {isa = PBXBuildFile; fileRef = 0A9746901CBD4C8F00753D63 /* ChequeViewController.m */; };
		9E3D4DF41C92F94C004FC468 /* DemoSelectionViewController.m in Sources */ = {isa = PBXBuildFile; fileRef = 9E3D4DED1C92F94C004FC468 /* DemoSelectionViewController.m */; };
		9E3D4DF51C92F94C004FC468 /* DocumentDemoNavigationViewController.m in Sources */ = {isa = PBXBuildFile; fileRef = 9E3D4DEF1C92F94C004FC468 /* DocumentDemoNavigationViewController.m */; };
		9E3D4DF61C92F94C004FC468 /* DocumentDemoViewController.m in Sources */ = {isa = PBXBuildFile; fileRef = 9E3D4DF11C92F94C004FC468 /* DocumentDemoViewController.m */; };
		9E3D4DF71C92F94C004FC468 /* PayformDemoViewController.m in Sources */ = {isa = PBXBuildFile; fileRef = 9E3D4DF31C92F94C004FC468 /* PayformDemoViewController.m */; };
		9E3D4DF91C92F9A0004FC468 /* Main.storyboard in Resources */ = {isa = PBXBuildFile; fileRef = 9E3D4DF81C92F9A0004FC468 /* Main.storyboard */; };
		9E3D4DFC1C92FA25004FC468 /* CreditCardRecognitionDemoViewController.mm in Sources */ = {isa = PBXBuildFile; fileRef = 9E3D4DFB1C92FA25004FC468 /* CreditCardRecognitionDemoViewController.mm */; };
		9E4D1E911D12A6ED0060841A /* Media.xcassets in Resources */ = {isa = PBXBuildFile; fileRef = 9E4D1E901D12A6ED0060841A /* Media.xcassets */; };
		9E6214651D3E1BDC00229314 /* ScanbotSDK.framework in Frameworks */ = {isa = PBXBuildFile; fileRef = 9E6214641D3E1BDC00229314 /* ScanbotSDK.framework */; };
		9E6214661D3E1BDC00229314 /* ScanbotSDK.framework in Embed Frameworks */ = {isa = PBXBuildFile; fileRef = 9E6214641D3E1BDC00229314 /* ScanbotSDK.framework */; settings = {ATTRIBUTES = (CodeSignOnCopy, RemoveHeadersOnCopy, ); }; };
		9E6214691D3E1D8500229314 /* ScanbotSDKCreditCardData.bundle in Resources */ = {isa = PBXBuildFile; fileRef = 9E6214681D3E1D8500229314 /* ScanbotSDKCreditCardData.bundle */; };
		9E6DEF2C1B5660FF00434DFC /* main.m in Sources */ = {isa = PBXBuildFile; fileRef = 9E6DEF2A1B5660FF00434DFC /* main.m */; };
		9E6DEF391B56611500434DFC /* AppDelegate.m in Sources */ = {isa = PBXBuildFile; fileRef = 9E6DEF2E1B56611500434DFC /* AppDelegate.m */; };
		9E6DEF3C1B56611500434DFC /* DemoViewController.m in Sources */ = {isa = PBXBuildFile; fileRef = 9E6DEF341B56611500434DFC /* DemoViewController.m */; };
		9E6DEF3D1B56611500434DFC /* PDFViewController.m in Sources */ = {isa = PBXBuildFile; fileRef = 9E6DEF361B56611500434DFC /* PDFViewController.m */; };
		9E6DEF3E1B56611500434DFC /* TextViewController.m in Sources */ = {isa = PBXBuildFile; fileRef = 9E6DEF381B56611500434DFC /* TextViewController.m */; };
		9E6DEF431B56612500434DFC /* LaunchScreen.xib in Resources */ = {isa = PBXBuildFile; fileRef = 9E6DEF3F1B56612500434DFC /* LaunchScreen.xib */; };
		9EE64F6E1B58074F008EDFD4 /* SBSDKLanguageData in Resources */ = {isa = PBXBuildFile; fileRef = 9EE64F6D1B58074F008EDFD4 /* SBSDKLanguageData */; };
		C20FDD101D06BAB000CF9CB2 /* MultiplePhotosDemoViewController.m in Sources */ = {isa = PBXBuildFile; fileRef = C20FDD0F1D06BAB000CF9CB2 /* MultiplePhotosDemoViewController.m */; };
/* End PBXBuildFile section */

/* Begin PBXCopyFilesBuildPhase section */
		9E69F5C41AE7E45500E6131A /* CopyFiles */ = {
			isa = PBXCopyFilesBuildPhase;
			buildActionMask = 2147483647;
			dstPath = "";
			dstSubfolderSpec = 7;
			files = (
			);
			runOnlyForDeploymentPostprocessing = 0;
		};
		9E8AC0C01D227C420017703D /* Embed Frameworks */ = {
			isa = PBXCopyFilesBuildPhase;
			buildActionMask = 2147483647;
			dstPath = "";
			dstSubfolderSpec = 10;
			files = (
				9E6214661D3E1BDC00229314 /* ScanbotSDK.framework in Embed Frameworks */,
			);
			name = "Embed Frameworks";
			runOnlyForDeploymentPostprocessing = 0;
		};
/* End PBXCopyFilesBuildPhase section */

/* Begin PBXFileReference section */
		0A66E23C1CBFD13600282DC9 /* ChequeViewController.h */ = {isa = PBXFileReference; fileEncoding = 4; lastKnownFileType = sourcecode.c.h; name = ChequeViewController.h; path = ScanbotSDKTestApp/ChequeViewController.h; sourceTree = SOURCE_ROOT; };
		0A9746901CBD4C8F00753D63 /* ChequeViewController.m */ = {isa = PBXFileReference; fileEncoding = 4; lastKnownFileType = sourcecode.c.objc; name = ChequeViewController.m; path = ScanbotSDKTestApp/ChequeViewController.m; sourceTree = SOURCE_ROOT; };
		9E3D4DEC1C92F94C004FC468 /* DemoSelectionViewController.h */ = {isa = PBXFileReference; fileEncoding = 4; lastKnownFileType = sourcecode.c.h; name = DemoSelectionViewController.h; path = ScanbotSDKTestApp/DemoSelectionViewController.h; sourceTree = SOURCE_ROOT; };
		9E3D4DED1C92F94C004FC468 /* DemoSelectionViewController.m */ = {isa = PBXFileReference; fileEncoding = 4; lastKnownFileType = sourcecode.c.objc; name = DemoSelectionViewController.m; path = ScanbotSDKTestApp/DemoSelectionViewController.m; sourceTree = SOURCE_ROOT; };
		9E3D4DEE1C92F94C004FC468 /* DocumentDemoNavigationViewController.h */ = {isa = PBXFileReference; fileEncoding = 4; lastKnownFileType = sourcecode.c.h; name = DocumentDemoNavigationViewController.h; path = ScanbotSDKTestApp/DocumentDemoNavigationViewController.h; sourceTree = SOURCE_ROOT; };
		9E3D4DEF1C92F94C004FC468 /* DocumentDemoNavigationViewController.m */ = {isa = PBXFileReference; fileEncoding = 4; lastKnownFileType = sourcecode.c.objc; name = DocumentDemoNavigationViewController.m; path = ScanbotSDKTestApp/DocumentDemoNavigationViewController.m; sourceTree = SOURCE_ROOT; };
		9E3D4DF01C92F94C004FC468 /* DocumentDemoViewController.h */ = {isa = PBXFileReference; fileEncoding = 4; lastKnownFileType = sourcecode.c.h; name = DocumentDemoViewController.h; path = ScanbotSDKTestApp/DocumentDemoViewController.h; sourceTree = SOURCE_ROOT; };
		9E3D4DF11C92F94C004FC468 /* DocumentDemoViewController.m */ = {isa = PBXFileReference; fileEncoding = 4; lastKnownFileType = sourcecode.c.objc; name = DocumentDemoViewController.m; path = ScanbotSDKTestApp/DocumentDemoViewController.m; sourceTree = SOURCE_ROOT; };
		9E3D4DF21C92F94C004FC468 /* PayformDemoViewController.h */ = {isa = PBXFileReference; fileEncoding = 4; lastKnownFileType = sourcecode.c.h; name = PayformDemoViewController.h; path = ScanbotSDKTestApp/PayformDemoViewController.h; sourceTree = SOURCE_ROOT; };
		9E3D4DF31C92F94C004FC468 /* PayformDemoViewController.m */ = {isa = PBXFileReference; fileEncoding = 4; lastKnownFileType = sourcecode.c.objc; name = PayformDemoViewController.m; path = ScanbotSDKTestApp/PayformDemoViewController.m; sourceTree = SOURCE_ROOT; };
		9E3D4DF81C92F9A0004FC468 /* Main.storyboard */ = {isa = PBXFileReference; fileEncoding = 4; lastKnownFileType = file.storyboard; name = Main.storyboard; path = ScanbotSDKTestApp/Main.storyboard; sourceTree = SOURCE_ROOT; };
		9E3D4DFA1C92FA25004FC468 /* CreditCardRecognitionDemoViewController.h */ = {isa = PBXFileReference; fileEncoding = 4; lastKnownFileType = sourcecode.c.h; name = CreditCardRecognitionDemoViewController.h; path = ScanbotSDKTestApp/CreditCardRecognitionDemoViewController.h; sourceTree = SOURCE_ROOT; };
		9E3D4DFB1C92FA25004FC468 /* CreditCardRecognitionDemoViewController.mm */ = {isa = PBXFileReference; fileEncoding = 4; lastKnownFileType = sourcecode.cpp.objcpp; name = CreditCardRecognitionDemoViewController.mm; path = ScanbotSDKTestApp/CreditCardRecognitionDemoViewController.mm; sourceTree = SOURCE_ROOT; };
		9E4D1E901D12A6ED0060841A /* Media.xcassets */ = {isa = PBXFileReference; lastKnownFileType = folder.assetcatalog; path = Media.xcassets; sourceTree = SOURCE_ROOT; };
		9E6214641D3E1BDC00229314 /* ScanbotSDK.framework */ = {isa = PBXFileReference; lastKnownFileType = wrapper.framework; name = ScanbotSDK.framework; path = ScanbotSDK/Framework/All_Archs/ScanbotSDK.framework; sourceTree = "<group>"; };
		9E6214681D3E1D8500229314 /* ScanbotSDKCreditCardData.bundle */ = {isa = PBXFileReference; lastKnownFileType = "wrapper.plug-in"; name = ScanbotSDKCreditCardData.bundle; path = ScanbotSDK/AdditionalData/ScanbotSDKCreditCardData.bundle; sourceTree = SOURCE_ROOT; };
		9E6DEF291B5660FF00434DFC /* Info.plist */ = {isa = PBXFileReference; fileEncoding = 4; lastKnownFileType = text.plist.xml; name = Info.plist; path = ScanbotSDKTestApp/Info.plist; sourceTree = SOURCE_ROOT; };
		9E6DEF2A1B5660FF00434DFC /* main.m */ = {isa = PBXFileReference; fileEncoding = 4; lastKnownFileType = sourcecode.c.objc; name = main.m; path = ScanbotSDKTestApp/main.m; sourceTree = SOURCE_ROOT; };
		9E6DEF2D1B56611500434DFC /* AppDelegate.h */ = {isa = PBXFileReference; fileEncoding = 4; lastKnownFileType = sourcecode.c.h; name = AppDelegate.h; path = ScanbotSDKTestApp/AppDelegate.h; sourceTree = SOURCE_ROOT; };
		9E6DEF2E1B56611500434DFC /* AppDelegate.m */ = {isa = PBXFileReference; fileEncoding = 4; lastKnownFileType = sourcecode.c.objc; name = AppDelegate.m; path = ScanbotSDKTestApp/AppDelegate.m; sourceTree = SOURCE_ROOT; };
		9E6DEF331B56611500434DFC /* DemoViewController.h */ = {isa = PBXFileReference; fileEncoding = 4; lastKnownFileType = sourcecode.c.h; name = DemoViewController.h; path = ScanbotSDKTestApp/DemoViewController.h; sourceTree = SOURCE_ROOT; };
		9E6DEF341B56611500434DFC /* DemoViewController.m */ = {isa = PBXFileReference; fileEncoding = 4; lastKnownFileType = sourcecode.c.objc; name = DemoViewController.m; path = ScanbotSDKTestApp/DemoViewController.m; sourceTree = SOURCE_ROOT; };
		9E6DEF351B56611500434DFC /* PDFViewController.h */ = {isa = PBXFileReference; fileEncoding = 4; lastKnownFileType = sourcecode.c.h; name = PDFViewController.h; path = ScanbotSDKTestApp/PDFViewController.h; sourceTree = SOURCE_ROOT; };
		9E6DEF361B56611500434DFC /* PDFViewController.m */ = {isa = PBXFileReference; fileEncoding = 4; lastKnownFileType = sourcecode.c.objc; name = PDFViewController.m; path = ScanbotSDKTestApp/PDFViewController.m; sourceTree = SOURCE_ROOT; };
		9E6DEF371B56611500434DFC /* TextViewController.h */ = {isa = PBXFileReference; fileEncoding = 4; lastKnownFileType = sourcecode.c.h; name = TextViewController.h; path = ScanbotSDKTestApp/TextViewController.h; sourceTree = SOURCE_ROOT; };
		9E6DEF381B56611500434DFC /* TextViewController.m */ = {isa = PBXFileReference; fileEncoding = 4; lastKnownFileType = sourcecode.c.objc; name = TextViewController.m; path = ScanbotSDKTestApp/TextViewController.m; sourceTree = SOURCE_ROOT; };
		9E6DEF401B56612500434DFC /* Base */ = {isa = PBXFileReference; lastKnownFileType = file.xib; name = Base; path = ScanbotSDKTestApp/Base.lproj/LaunchScreen.xib; sourceTree = SOURCE_ROOT; };
		9E8AC0AB1D2278AE0017703D /* ScanbotSDKInclude.h */ = {isa = PBXFileReference; fileEncoding = 4; lastKnownFileType = sourcecode.c.h; name = ScanbotSDKInclude.h; path = ScanbotSDKTestApp/ScanbotSDKInclude.h; sourceTree = SOURCE_ROOT; };
		9ED845811AE670CC008B2731 /* ScanbotSDK Demo.app */ = {isa = PBXFileReference; explicitFileType = wrapper.application; includeInIndex = 0; path = "ScanbotSDK Demo.app"; sourceTree = BUILT_PRODUCTS_DIR; };
		9EE64F6D1B58074F008EDFD4 /* SBSDKLanguageData */ = {isa = PBXFileReference; lastKnownFileType = folder; name = SBSDKLanguageData; path = ScanbotSDKTestApp/SBSDKLanguageData; sourceTree = SOURCE_ROOT; };
		C20FDD0E1D06BAB000CF9CB2 /* MultiplePhotosDemoViewController.h */ = {isa = PBXFileReference; fileEncoding = 4; lastKnownFileType = sourcecode.c.h; name = MultiplePhotosDemoViewController.h; path = ScanbotSDKTestApp/MultiplePhotosDemoViewController.h; sourceTree = SOURCE_ROOT; };
		C20FDD0F1D06BAB000CF9CB2 /* MultiplePhotosDemoViewController.m */ = {isa = PBXFileReference; fileEncoding = 4; lastKnownFileType = sourcecode.c.objc; name = MultiplePhotosDemoViewController.m; path = ScanbotSDKTestApp/MultiplePhotosDemoViewController.m; sourceTree = SOURCE_ROOT; };
/* End PBXFileReference section */

/* Begin PBXFrameworksBuildPhase section */
		9ED8457E1AE670CC008B2731 /* Frameworks */ = {
			isa = PBXFrameworksBuildPhase;
			buildActionMask = 2147483647;
			files = (
				9E6214651D3E1BDC00229314 /* ScanbotSDK.framework in Frameworks */,
			);
			runOnlyForDeploymentPostprocessing = 0;
		};
/* End PBXFrameworksBuildPhase section */

/* Begin PBXGroup section */
		9ED845781AE670CC008B2731 = {
			isa = PBXGroup;
			children = (
				9E6214641D3E1BDC00229314 /* ScanbotSDK.framework */,
				9ED845831AE670CC008B2731 /* DemoApp */,
				9ED846601AE686FC008B2731 /* Frameworks */,
				9ED845821AE670CC008B2731 /* Products */,
			);
			sourceTree = "<group>";
		};
		9ED845821AE670CC008B2731 /* Products */ = {
			isa = PBXGroup;
			children = (
				9ED845811AE670CC008B2731 /* ScanbotSDK Demo.app */,
			);
			name = Products;
			sourceTree = "<group>";
		};
		9ED845831AE670CC008B2731 /* DemoApp */ = {
			isa = PBXGroup;
			children = (
				9E8AC0AB1D2278AE0017703D /* ScanbotSDKInclude.h */,
				9E3D4DEC1C92F94C004FC468 /* DemoSelectionViewController.h */,
				9E3D4DED1C92F94C004FC468 /* DemoSelectionViewController.m */,
				9E3D4DEE1C92F94C004FC468 /* DocumentDemoNavigationViewController.h */,
				9E3D4DEF1C92F94C004FC468 /* DocumentDemoNavigationViewController.m */,
				C20FDD0E1D06BAB000CF9CB2 /* MultiplePhotosDemoViewController.h */,
				C20FDD0F1D06BAB000CF9CB2 /* MultiplePhotosDemoViewController.m */,
				9E3D4DF01C92F94C004FC468 /* DocumentDemoViewController.h */,
				9E3D4DF11C92F94C004FC468 /* DocumentDemoViewController.m */,
				9E3D4DF21C92F94C004FC468 /* PayformDemoViewController.h */,
				9E3D4DF31C92F94C004FC468 /* PayformDemoViewController.m */,
				9E3D4DFA1C92FA25004FC468 /* CreditCardRecognitionDemoViewController.h */,
				9E3D4DFB1C92FA25004FC468 /* CreditCardRecognitionDemoViewController.mm */,
				0A66E23C1CBFD13600282DC9 /* ChequeViewController.h */,
				0A9746901CBD4C8F00753D63 /* ChequeViewController.m */,
				9E6DEF2D1B56611500434DFC /* AppDelegate.h */,
				9E6DEF2E1B56611500434DFC /* AppDelegate.m */,
				9E6DEF331B56611500434DFC /* DemoViewController.h */,
				9E6DEF341B56611500434DFC /* DemoViewController.m */,
				9E6DEF351B56611500434DFC /* PDFViewController.h */,
				9E6DEF361B56611500434DFC /* PDFViewController.m */,
				9E6DEF371B56611500434DFC /* TextViewController.h */,
				9E6DEF381B56611500434DFC /* TextViewController.m */,
				9E6DEF3F1B56612500434DFC /* LaunchScreen.xib */,
				9E3D4DF81C92F9A0004FC468 /* Main.storyboard */,
				9ED845841AE670CC008B2731 /* Supporting Files */,
			);
			name = DemoApp;
			path = PayFormScannerDemo;
			sourceTree = "<group>";
		};
		9ED845841AE670CC008B2731 /* Supporting Files */ = {
			isa = PBXGroup;
			children = (
				9E6214681D3E1D8500229314 /* ScanbotSDKCreditCardData.bundle */,
				9EE64F6D1B58074F008EDFD4 /* SBSDKLanguageData */,
				9E6DEF291B5660FF00434DFC /* Info.plist */,
				9E6DEF2A1B5660FF00434DFC /* main.m */,
				9E4D1E901D12A6ED0060841A /* Media.xcassets */,
			);
			name = "Supporting Files";
			sourceTree = "<group>";
		};
		9ED846601AE686FC008B2731 /* Frameworks */ = {
			isa = PBXGroup;
			children = (
			);
			name = Frameworks;
			sourceTree = "<group>";
		};
/* End PBXGroup section */

/* Begin PBXNativeTarget section */
		9ED845801AE670CC008B2731 /* ScanbotSDKTestApp */ = {
			isa = PBXNativeTarget;
			buildConfigurationList = 9ED845A41AE670CD008B2731 /* Build configuration list for PBXNativeTarget "ScanbotSDKTestApp" */;
			buildPhases = (
				9ED8457E1AE670CC008B2731 /* Frameworks */,
				9ED8457D1AE670CC008B2731 /* Sources */,
				9ED8457F1AE670CC008B2731 /* Resources */,
				9E69F5C41AE7E45500E6131A /* CopyFiles */,
				9E8AC0C01D227C420017703D /* Embed Frameworks */,
			);
			buildRules = (
			);
			dependencies = (
			);
			name = ScanbotSDKTestApp;
			productName = PayFormScannerDemo;
			productReference = 9ED845811AE670CC008B2731 /* ScanbotSDK Demo.app */;
			productType = "com.apple.product-type.application";
		};
/* End PBXNativeTarget section */

/* Begin PBXProject section */
		9ED845791AE670CC008B2731 /* Project object */ = {
			isa = PBXProject;
			attributes = {
				LastSwiftUpdateCheck = 0730;
				LastUpgradeCheck = 0700;
				ORGANIZATIONNAME = "doo GmbH";
				TargetAttributes = {
					9ED845801AE670CC008B2731 = {
						CreatedOnToolsVersion = 6.3;
					};
				};
			};
			buildConfigurationList = 9ED8457C1AE670CC008B2731 /* Build configuration list for PBXProject "ScanbotSDKTestApp" */;
			compatibilityVersion = "Xcode 3.2";
			developmentRegion = English;
			hasScannedForEncodings = 0;
			knownRegions = (
				en,
				Base,
			);
			mainGroup = 9ED845781AE670CC008B2731;
			productRefGroup = 9ED845821AE670CC008B2731 /* Products */;
			projectDirPath = "";
			projectRoot = "";
			targets = (
				9ED845801AE670CC008B2731 /* ScanbotSDKTestApp */,
			);
		};
/* End PBXProject section */

/* Begin PBXResourcesBuildPhase section */
		9ED8457F1AE670CC008B2731 /* Resources */ = {
			isa = PBXResourcesBuildPhase;
			buildActionMask = 2147483647;
			files = (
				9E6214691D3E1D8500229314 /* ScanbotSDKCreditCardData.bundle in Resources */,
				9E3D4DF91C92F9A0004FC468 /* Main.storyboard in Resources */,
				9E6DEF431B56612500434DFC /* LaunchScreen.xib in Resources */,
				9E4D1E911D12A6ED0060841A /* Media.xcassets in Resources */,
				9EE64F6E1B58074F008EDFD4 /* SBSDKLanguageData in Resources */,
			);
			runOnlyForDeploymentPostprocessing = 0;
		};
/* End PBXResourcesBuildPhase section */

/* Begin PBXSourcesBuildPhase section */
		9ED8457D1AE670CC008B2731 /* Sources */ = {
			isa = PBXSourcesBuildPhase;
			buildActionMask = 2147483647;
			files = (
				9E6DEF3D1B56611500434DFC /* PDFViewController.m in Sources */,
				9E6DEF3E1B56611500434DFC /* TextViewController.m in Sources */,
				C20FDD101D06BAB000CF9CB2 /* MultiplePhotosDemoViewController.m in Sources */,
				9E3D4DF61C92F94C004FC468 /* DocumentDemoViewController.m in Sources */,
				9E3D4DF41C92F94C004FC468 /* DemoSelectionViewController.m in Sources */,
				9E6DEF391B56611500434DFC /* AppDelegate.m in Sources */,
				9E3D4DF71C92F94C004FC468 /* PayformDemoViewController.m in Sources */,
				9E3D4DF51C92F94C004FC468 /* DocumentDemoNavigationViewController.m in Sources */,
				9E3D4DFC1C92FA25004FC468 /* CreditCardRecognitionDemoViewController.mm in Sources */,
				9E6DEF3C1B56611500434DFC /* DemoViewController.m in Sources */,
				0A9746911CBD4C8F00753D63 /* ChequeViewController.m in Sources */,
				9E6DEF2C1B5660FF00434DFC /* main.m in Sources */,
			);
			runOnlyForDeploymentPostprocessing = 0;
		};
/* End PBXSourcesBuildPhase section */

/* Begin PBXVariantGroup section */
		9E6DEF3F1B56612500434DFC /* LaunchScreen.xib */ = {
			isa = PBXVariantGroup;
			children = (
				9E6DEF401B56612500434DFC /* Base */,
			);
			name = LaunchScreen.xib;
			sourceTree = "<group>";
		};
/* End PBXVariantGroup section */

/* Begin XCBuildConfiguration section */
		9ED845A21AE670CD008B2731 /* Debug */ = {
			isa = XCBuildConfiguration;
			buildSettings = {
				ALWAYS_SEARCH_USER_PATHS = NO;
				CLANG_CXX_LANGUAGE_STANDARD = "gnu++0x";
				CLANG_CXX_LIBRARY = "libc++";
				CLANG_ENABLE_MODULES = YES;
				CLANG_ENABLE_OBJC_ARC = YES;
				CLANG_WARN_BOOL_CONVERSION = YES;
				CLANG_WARN_CONSTANT_CONVERSION = YES;
				CLANG_WARN_DIRECT_OBJC_ISA_USAGE = YES_ERROR;
				CLANG_WARN_EMPTY_BODY = YES;
				CLANG_WARN_ENUM_CONVERSION = YES;
				CLANG_WARN_INT_CONVERSION = YES;
				CLANG_WARN_OBJC_ROOT_CLASS = YES_ERROR;
				CLANG_WARN_UNREACHABLE_CODE = YES;
				CLANG_WARN__DUPLICATE_METHOD_MATCH = YES;
				"CODE_SIGN_IDENTITY[sdk=iphoneos*]" = "iPhone Developer";
				COPY_PHASE_STRIP = NO;
				DEBUG_INFORMATION_FORMAT = "dwarf-with-dsym";
				ENABLE_STRICT_OBJC_MSGSEND = YES;
				ENABLE_TESTABILITY = YES;
				GCC_C_LANGUAGE_STANDARD = gnu99;
				GCC_DYNAMIC_NO_PIC = NO;
				GCC_NO_COMMON_BLOCKS = YES;
				GCC_OPTIMIZATION_LEVEL = 0;
				GCC_PREPROCESSOR_DEFINITIONS = (
					"DEBUG=1",
					"$(inherited)",
				);
				GCC_SYMBOLS_PRIVATE_EXTERN = NO;
				GCC_WARN_64_TO_32_BIT_CONVERSION = YES;
				GCC_WARN_ABOUT_RETURN_TYPE = YES_ERROR;
				GCC_WARN_UNDECLARED_SELECTOR = YES;
				GCC_WARN_UNINITIALIZED_AUTOS = YES_AGGRESSIVE;
				GCC_WARN_UNUSED_FUNCTION = YES;
				GCC_WARN_UNUSED_VARIABLE = YES;
				IPHONEOS_DEPLOYMENT_TARGET = 8.3;
				MTL_ENABLE_DEBUG_INFO = YES;
				ONLY_ACTIVE_ARCH = YES;
				SDKROOT = iphoneos;
				TARGETED_DEVICE_FAMILY = "1,2";
			};
			name = Debug;
		};
		9ED845A31AE670CD008B2731 /* Release */ = {
			isa = XCBuildConfiguration;
			buildSettings = {
				ALWAYS_SEARCH_USER_PATHS = NO;
				CLANG_CXX_LANGUAGE_STANDARD = "gnu++0x";
				CLANG_CXX_LIBRARY = "libc++";
				CLANG_ENABLE_MODULES = YES;
				CLANG_ENABLE_OBJC_ARC = YES;
				CLANG_WARN_BOOL_CONVERSION = YES;
				CLANG_WARN_CONSTANT_CONVERSION = YES;
				CLANG_WARN_DIRECT_OBJC_ISA_USAGE = YES_ERROR;
				CLANG_WARN_EMPTY_BODY = YES;
				CLANG_WARN_ENUM_CONVERSION = YES;
				CLANG_WARN_INT_CONVERSION = YES;
				CLANG_WARN_OBJC_ROOT_CLASS = YES_ERROR;
				CLANG_WARN_UNREACHABLE_CODE = YES;
				CLANG_WARN__DUPLICATE_METHOD_MATCH = YES;
				"CODE_SIGN_IDENTITY[sdk=iphoneos*]" = "iPhone Developer";
				COPY_PHASE_STRIP = NO;
				DEBUG_INFORMATION_FORMAT = "dwarf-with-dsym";
				ENABLE_NS_ASSERTIONS = NO;
				ENABLE_STRICT_OBJC_MSGSEND = YES;
				GCC_C_LANGUAGE_STANDARD = gnu99;
				GCC_NO_COMMON_BLOCKS = YES;
				GCC_WARN_64_TO_32_BIT_CONVERSION = YES;
				GCC_WARN_ABOUT_RETURN_TYPE = YES_ERROR;
				GCC_WARN_UNDECLARED_SELECTOR = YES;
				GCC_WARN_UNINITIALIZED_AUTOS = YES_AGGRESSIVE;
				GCC_WARN_UNUSED_FUNCTION = YES;
				GCC_WARN_UNUSED_VARIABLE = YES;
				IPHONEOS_DEPLOYMENT_TARGET = 8.3;
				MTL_ENABLE_DEBUG_INFO = NO;
				SDKROOT = iphoneos;
				TARGETED_DEVICE_FAMILY = "1,2";
				VALIDATE_PRODUCT = YES;
			};
			name = Release;
		};
		9ED845A51AE670CD008B2731 /* Debug */ = {
			isa = XCBuildConfiguration;
			buildSettings = {
				ASSETCATALOG_COMPILER_APPICON_NAME = AppIcon;
				CLANG_CXX_LANGUAGE_STANDARD = "c++14";
				CLANG_CXX_LIBRARY = "libc++";
				CLANG_ENABLE_MODULES = YES;
				CODE_SIGN_IDENTITY = "iPhone Developer";
				"CODE_SIGN_IDENTITY[sdk=iphoneos*]" = "iPhone Developer";
				ENABLE_BITCODE = NO;
				FRAMEWORK_SEARCH_PATHS = (
					"$(inherited)",
					"$(PROJECT_DIR)",
					"$(PROJECT_DIR)/ScanbotSDK/Framework/All_Archs",
				);
				GCC_PREPROCESSOR_DEFINITIONS = (
					"DEBUG=1",
					"$(inherited)",
				);
				INFOPLIST_FILE = "$(SRCROOT)/ScanbotSDKTestApp/Info.plist";
				IPHONEOS_DEPLOYMENT_TARGET = 8.4;
				LD_RUNPATH_SEARCH_PATHS = "$(inherited) @executable_path/Frameworks";
				LIBRARY_SEARCH_PATHS = "$(inherited)";
				OTHER_LDFLAGS = "-ObjC";
				PRODUCT_BUNDLE_IDENTIFIER = "net.doo.$(PRODUCT_NAME:rfc1034identifier)";
				PRODUCT_NAME = "ScanbotSDK Demo";
				PROVISIONING_PROFILE = "";
				SWIFT_OPTIMIZATION_LEVEL = "-Onone";
				USER_HEADER_SEARCH_PATHS = "";
			};
			name = Debug;
		};
		9ED845A61AE670CD008B2731 /* Release */ = {
			isa = XCBuildConfiguration;
			buildSettings = {
				ASSETCATALOG_COMPILER_APPICON_NAME = AppIcon;
				CLANG_CXX_LANGUAGE_STANDARD = "c++14";
				CLANG_CXX_LIBRARY = "libc++";
				CLANG_ENABLE_MODULES = YES;
				CODE_SIGN_IDENTITY = "iPhone Developer";
				"CODE_SIGN_IDENTITY[sdk=iphoneos*]" = "iPhone Developer";
				ENABLE_BITCODE = NO;
				FRAMEWORK_SEARCH_PATHS = (
					"$(inherited)",
					"$(PROJECT_DIR)",
					"$(PROJECT_DIR)/ScanbotSDK/Framework/All_Archs",
				);
				INFOPLIST_FILE = "$(SRCROOT)/ScanbotSDKTestApp/Info.plist";
				IPHONEOS_DEPLOYMENT_TARGET = 8.4;
				LD_RUNPATH_SEARCH_PATHS = "$(inherited) @executable_path/Frameworks";
				LIBRARY_SEARCH_PATHS = "$(inherited)";
				OTHER_LDFLAGS = "-ObjC";
				PRODUCT_BUNDLE_IDENTIFIER = "net.doo.$(PRODUCT_NAME:rfc1034identifier)";
				PRODUCT_NAME = "ScanbotSDK Demo";
				PROVISIONING_PROFILE = "";
				USER_HEADER_SEARCH_PATHS = "";
			};
			name = Release;
		};
/* End XCBuildConfiguration section */

/* Begin XCConfigurationList section */
		9ED8457C1AE670CC008B2731 /* Build configuration list for PBXProject "ScanbotSDKTestApp" */ = {
			isa = XCConfigurationList;
			buildConfigurations = (
				9ED845A21AE670CD008B2731 /* Debug */,
				9ED845A31AE670CD008B2731 /* Release */,
			);
			defaultConfigurationIsVisible = 0;
			defaultConfigurationName = Release;
		};
		9ED845A41AE670CD008B2731 /* Build configuration list for PBXNativeTarget "ScanbotSDKTestApp" */ = {
			isa = XCConfigurationList;
			buildConfigurations = (
				9ED845A51AE670CD008B2731 /* Debug */,
				9ED845A61AE670CD008B2731 /* Release */,
			);
			defaultConfigurationIsVisible = 0;
			defaultConfigurationName = Release;
		};
/* End XCConfigurationList section */
	};
	rootObject = 9ED845791AE670CC008B2731 /* Project object */;
}
